// !$*UTF8*$!
{
	archiveVersion = 1;
	classes = {
	};
	objectVersion = 46;
	objects = {

/* Begin PBXBuildFile section */
		B580C4C81AE889A4006C31BC /* Foundation.framework in Frameworks */ = {isa = PBXBuildFile; fileRef = B580C4C71AE889A4006C31BC /* Foundation.framework */; };
		B580C4CA1AE889A4006C31BC /* CoreGraphics.framework in Frameworks */ = {isa = PBXBuildFile; fileRef = B580C4C91AE889A4006C31BC /* CoreGraphics.framework */; };
		B580C4CC1AE889A4006C31BC /* UIKit.framework in Frameworks */ = {isa = PBXBuildFile; fileRef = B580C4CB1AE889A4006C31BC /* UIKit.framework */; };
		B580C4CE1AE889A4006C31BC /* SpriteKit.framework in Frameworks */ = {isa = PBXBuildFile; fileRef = B580C4CD1AE889A4006C31BC /* SpriteKit.framework */; };
		B580C4D41AE889A4006C31BC /* InfoPlist.strings in Resources */ = {isa = PBXBuildFile; fileRef = B580C4D21AE889A4006C31BC /* InfoPlist.strings */; };
		B580C4D61AE889A4006C31BC /* main.m in Sources */ = {isa = PBXBuildFile; fileRef = B580C4D51AE889A4006C31BC /* main.m */; };
		B580C4DA1AE889A4006C31BC /* AppDelegate.m in Sources */ = {isa = PBXBuildFile; fileRef = B580C4D91AE889A4006C31BC /* AppDelegate.m */; };
		B580C4DD1AE889A4006C31BC /* Main.storyboard in Resources */ = {isa = PBXBuildFile; fileRef = B580C4DB1AE889A4006C31BC /* Main.storyboard */; };
		B580C4E01AE889A4006C31BC /* ViewController.m in Sources */ = {isa = PBXBuildFile; fileRef = B580C4DF1AE889A4006C31BC /* ViewController.m */; };
		B580C4E31AE889A4006C31BC /* MyScene.m in Sources */ = {isa = PBXBuildFile; fileRef = B580C4E21AE889A4006C31BC /* MyScene.m */; };
		B580C4E51AE889A4006C31BC /* Spaceship.png in Resources */ = {isa = PBXBuildFile; fileRef = B580C4E41AE889A4006C31BC /* Spaceship.png */; };
		B580C4E71AE889A4006C31BC /* Images.xcassets in Resources */ = {isa = PBXBuildFile; fileRef = B580C4E61AE889A4006C31BC /* Images.xcassets */; };
		B580C4EE1AE889A4006C31BC /* XCTest.framework in Frameworks */ = {isa = PBXBuildFile; fileRef = B580C4ED1AE889A4006C31BC /* XCTest.framework */; };
		B580C4EF1AE889A4006C31BC /* Foundation.framework in Frameworks */ = {isa = PBXBuildFile; fileRef = B580C4C71AE889A4006C31BC /* Foundation.framework */; };
		B580C4F01AE889A4006C31BC /* UIKit.framework in Frameworks */ = {isa = PBXBuildFile; fileRef = B580C4CB1AE889A4006C31BC /* UIKit.framework */; };
		B580C4F81AE889A4006C31BC /* InfoPlist.strings in Resources */ = {isa = PBXBuildFile; fileRef = B580C4F61AE889A4006C31BC /* InfoPlist.strings */; };
		B580C4FA1AE889A4006C31BC /* Try_HitAnimalTests.m in Sources */ = {isa = PBXBuildFile; fileRef = B580C4F91AE889A4006C31BC /* Try_HitAnimalTests.m */; };
/* End PBXBuildFile section */

/* Begin PBXContainerItemProxy section */
		B580C4F11AE889A4006C31BC /* PBXContainerItemProxy */ = {
			isa = PBXContainerItemProxy;
			containerPortal = B580C4BC1AE889A4006C31BC /* Project object */;
			proxyType = 1;
			remoteGlobalIDString = B580C4C31AE889A4006C31BC;
			remoteInfo = Try_HitAnimal;
		};
/* End PBXContainerItemProxy section */

/* Begin PBXFileReference section */
		B580C4C41AE889A4006C31BC /* Try_HitAnimal.app */ = {isa = PBXFileReference; explicitFileType = wrapper.application; includeInIndex = 0; path = Try_HitAnimal.app; sourceTree = BUILT_PRODUCTS_DIR; };
		B580C4C71AE889A4006C31BC /* Foundation.framework */ = {isa = PBXFileReference; lastKnownFileType = wrapper.framework; name = Foundation.framework; path = System/Library/Frameworks/Foundation.framework; sourceTree = SDKROOT; };
		B580C4C91AE889A4006C31BC /* CoreGraphics.framework */ = {isa = PBXFileReference; lastKnownFileType = wrapper.framework; name = CoreGraphics.framework; path = System/Library/Frameworks/CoreGraphics.framework; sourceTree = SDKROOT; };
		B580C4CB1AE889A4006C31BC /* UIKit.framework */ = {isa = PBXFileReference; lastKnownFileType = wrapper.framework; name = UIKit.framework; path = System/Library/Frameworks/UIKit.framework; sourceTree = SDKROOT; };
		B580C4CD1AE889A4006C31BC /* SpriteKit.framework */ = {isa = PBXFileReference; lastKnownFileType = wrapper.framework; name = SpriteKit.framework; path = System/Library/Frameworks/SpriteKit.framework; sourceTree = SDKROOT; };
		B580C4D11AE889A4006C31BC /* Try_HitAnimal-Info.plist */ = {isa = PBXFileReference; lastKnownFileType = text.plist.xml; path = "Try_HitAnimal-Info.plist"; sourceTree = "<group>"; };
		B580C4D31AE889A4006C31BC /* en */ = {isa = PBXFileReference; lastKnownFileType = text.plist.strings; name = en; path = en.lproj/InfoPlist.strings; sourceTree = "<group>"; };
		B580C4D51AE889A4006C31BC /* main.m */ = {isa = PBXFileReference; lastKnownFileType = sourcecode.c.objc; path = main.m; sourceTree = "<group>"; };
		B580C4D71AE889A4006C31BC /* Try_HitAnimal-Prefix.pch */ = {isa = PBXFileReference; lastKnownFileType = sourcecode.c.h; path = "Try_HitAnimal-Prefix.pch"; sourceTree = "<group>"; };
		B580C4D81AE889A4006C31BC /* AppDelegate.h */ = {isa = PBXFileReference; lastKnownFileType = sourcecode.c.h; path = AppDelegate.h; sourceTree = "<group>"; };
		B580C4D91AE889A4006C31BC /* AppDelegate.m */ = {isa = PBXFileReference; lastKnownFileType = sourcecode.c.objc; path = AppDelegate.m; sourceTree = "<group>"; };
		B580C4DC1AE889A4006C31BC /* Base */ = {isa = PBXFileReference; lastKnownFileType = file.storyboard; name = Base; path = Base.lproj/Main.storyboard; sourceTree = "<group>"; };
		B580C4DE1AE889A4006C31BC /* ViewController.h */ = {isa = PBXFileReference; lastKnownFileType = sourcecode.c.h; path = ViewController.h; sourceTree = "<group>"; };
		B580C4DF1AE889A4006C31BC /* ViewController.m */ = {isa = PBXFileReference; lastKnownFileType = sourcecode.c.objc; path = ViewController.m; sourceTree = "<group>"; };
		B580C4E11AE889A4006C31BC /* MyScene.h */ = {isa = PBXFileReference; lastKnownFileType = sourcecode.c.h; path = MyScene.h; sourceTree = "<group>"; };
		B580C4E21AE889A4006C31BC /* MyScene.m */ = {isa = PBXFileReference; lastKnownFileType = sourcecode.c.objc; path = MyScene.m; sourceTree = "<group>"; };
		B580C4E41AE889A4006C31BC /* Spaceship.png */ = {isa = PBXFileReference; lastKnownFileType = image.png; path = Spaceship.png; sourceTree = "<group>"; };
		B580C4E61AE889A4006C31BC /* Images.xcassets */ = {isa = PBXFileReference; lastKnownFileType = folder.assetcatalog; path = Images.xcassets; sourceTree = "<group>"; };
		B580C4EC1AE889A4006C31BC /* Try_HitAnimalTests.xctest */ = {isa = PBXFileReference; explicitFileType = wrapper.cfbundle; includeInIndex = 0; path = Try_HitAnimalTests.xctest; sourceTree = BUILT_PRODUCTS_DIR; };
		B580C4ED1AE889A4006C31BC /* XCTest.framework */ = {isa = PBXFileReference; lastKnownFileType = wrapper.framework; name = XCTest.framework; path = Library/Frameworks/XCTest.framework; sourceTree = DEVELOPER_DIR; };
		B580C4F51AE889A4006C31BC /* Try_HitAnimalTests-Info.plist */ = {isa = PBXFileReference; lastKnownFileType = text.plist.xml; path = "Try_HitAnimalTests-Info.plist"; sourceTree = "<group>"; };
		B580C4F71AE889A4006C31BC /* en */ = {isa = PBXFileReference; lastKnownFileType = text.plist.strings; name = en; path = en.lproj/InfoPlist.strings; sourceTree = "<group>"; };
		B580C4F91AE889A4006C31BC /* Try_HitAnimalTests.m */ = {isa = PBXFileReference; lastKnownFileType = sourcecode.c.objc; path = Try_HitAnimalTests.m; sourceTree = "<group>"; };
/* End PBXFileReference section */

/* Begin PBXFrameworksBuildPhase section */
		B580C4C11AE889A4006C31BC /* Frameworks */ = {
			isa = PBXFrameworksBuildPhase;
			buildActionMask = 2147483647;
			files = (
				B580C4CA1AE889A4006C31BC /* CoreGraphics.framework in Frameworks */,
				B580C4CC1AE889A4006C31BC /* UIKit.framework in Frameworks */,
				B580C4CE1AE889A4006C31BC /* SpriteKit.framework in Frameworks */,
				B580C4C81AE889A4006C31BC /* Foundation.framework in Frameworks */,
			);
			runOnlyForDeploymentPostprocessing = 0;
		};
		B580C4E91AE889A4006C31BC /* Frameworks */ = {
			isa = PBXFrameworksBuildPhase;
			buildActionMask = 2147483647;
			files = (
				B580C4EE1AE889A4006C31BC /* XCTest.framework in Frameworks */,
				B580C4F01AE889A4006C31BC /* UIKit.framework in Frameworks */,
				B580C4EF1AE889A4006C31BC /* Foundation.framework in Frameworks */,
			);
			runOnlyForDeploymentPostprocessing = 0;
		};
/* End PBXFrameworksBuildPhase section */

/* Begin PBXGroup section */
		B580C4BB1AE889A4006C31BC = {
			isa = PBXGroup;
			children = (
				B580C4CF1AE889A4006C31BC /* Try_HitAnimal */,
				B580C4F31AE889A4006C31BC /* Try_HitAnimalTests */,
				B580C4C61AE889A4006C31BC /* Frameworks */,
				B580C4C51AE889A4006C31BC /* Products */,
			);
			sourceTree = "<group>";
		};
		B580C4C51AE889A4006C31BC /* Products */ = {
			isa = PBXGroup;
			children = (
				B580C4C41AE889A4006C31BC /* Try_HitAnimal.app */,
				B580C4EC1AE889A4006C31BC /* Try_HitAnimalTests.xctest */,
			);
			name = Products;
			sourceTree = "<group>";
		};
		B580C4C61AE889A4006C31BC /* Frameworks */ = {
			isa = PBXGroup;
			children = (
				B580C4C71AE889A4006C31BC /* Foundation.framework */,
				B580C4C91AE889A4006C31BC /* CoreGraphics.framework */,
				B580C4CB1AE889A4006C31BC /* UIKit.framework */,
				B580C4CD1AE889A4006C31BC /* SpriteKit.framework */,
				B580C4ED1AE889A4006C31BC /* XCTest.framework */,
			);
			name = Frameworks;
			sourceTree = "<group>";
		};
		B580C4CF1AE889A4006C31BC /* Try_HitAnimal */ = {
			isa = PBXGroup;
			children = (
				B580C4D81AE889A4006C31BC /* AppDelegate.h */,
				B580C4D91AE889A4006C31BC /* AppDelegate.m */,
				B580C4DB1AE889A4006C31BC /* Main.storyboard */,
				B580C4DE1AE889A4006C31BC /* ViewController.h */,
				B580C4DF1AE889A4006C31BC /* ViewController.m */,
				B580C4E11AE889A4006C31BC /* MyScene.h */,
				B580C4E21AE889A4006C31BC /* MyScene.m */,
				B580C4E41AE889A4006C31BC /* Spaceship.png */,
				B580C4E61AE889A4006C31BC /* Images.xcassets */,
				B580C4D01AE889A4006C31BC /* Supporting Files */,
			);
			path = Try_HitAnimal;
			sourceTree = "<group>";
		};
		B580C4D01AE889A4006C31BC /* Supporting Files */ = {
			isa = PBXGroup;
			children = (
				B580C4D11AE889A4006C31BC /* Try_HitAnimal-Info.plist */,
				B580C4D21AE889A4006C31BC /* InfoPlist.strings */,
				B580C4D51AE889A4006C31BC /* main.m */,
				B580C4D71AE889A4006C31BC /* Try_HitAnimal-Prefix.pch */,
			);
			name = "Supporting Files";
			sourceTree = "<group>";
		};
		B580C4F31AE889A4006C31BC /* Try_HitAnimalTests */ = {
			isa = PBXGroup;
			children = (
				B580C4F91AE889A4006C31BC /* Try_HitAnimalTests.m */,
				B580C4F41AE889A4006C31BC /* Supporting Files */,
			);
			path = Try_HitAnimalTests;
			sourceTree = "<group>";
		};
		B580C4F41AE889A4006C31BC /* Supporting Files */ = {
			isa = PBXGroup;
			children = (
				B580C4F51AE889A4006C31BC /* Try_HitAnimalTests-Info.plist */,
				B580C4F61AE889A4006C31BC /* InfoPlist.strings */,
			);
			name = "Supporting Files";
			sourceTree = "<group>";
		};
/* End PBXGroup section */

/* Begin PBXNativeTarget section */
		B580C4C31AE889A4006C31BC /* Try_HitAnimal */ = {
			isa = PBXNativeTarget;
			buildConfigurationList = B580C4FD1AE889A4006C31BC /* Build configuration list for PBXNativeTarget "Try_HitAnimal" */;
			buildPhases = (
				B580C4C01AE889A4006C31BC /* Sources */,
				B580C4C11AE889A4006C31BC /* Frameworks */,
				B580C4C21AE889A4006C31BC /* Resources */,
			);
			buildRules = (
			);
			dependencies = (
			);
			name = Try_HitAnimal;
			productName = Try_HitAnimal;
			productReference = B580C4C41AE889A4006C31BC /* Try_HitAnimal.app */;
			productType = "com.apple.product-type.application";
		};
		B580C4EB1AE889A4006C31BC /* Try_HitAnimalTests */ = {
			isa = PBXNativeTarget;
			buildConfigurationList = B580C5001AE889A4006C31BC /* Build configuration list for PBXNativeTarget "Try_HitAnimalTests" */;
			buildPhases = (
				B580C4E81AE889A4006C31BC /* Sources */,
				B580C4E91AE889A4006C31BC /* Frameworks */,
				B580C4EA1AE889A4006C31BC /* Resources */,
			);
			buildRules = (
			);
			dependencies = (
				B580C4F21AE889A4006C31BC /* PBXTargetDependency */,
			);
			name = Try_HitAnimalTests;
			productName = Try_HitAnimalTests;
			productReference = B580C4EC1AE889A4006C31BC /* Try_HitAnimalTests.xctest */;
			productType = "com.apple.product-type.bundle.unit-test";
		};
/* End PBXNativeTarget section */

/* Begin PBXProject section */
		B580C4BC1AE889A4006C31BC /* Project object */ = {
			isa = PBXProject;
			attributes = {
				LastUpgradeCheck = 0510;
				ORGANIZATIONNAME = "___FULLUSERNAME___";
				TargetAttributes = {
					B580C4EB1AE889A4006C31BC = {
						TestTargetID = B580C4C31AE889A4006C31BC;
					};
				};
			};
			buildConfigurationList = B580C4BF1AE889A4006C31BC /* Build configuration list for PBXProject "Try_HitAnimal" */;
			compatibilityVersion = "Xcode 3.2";
			developmentRegion = English;
			hasScannedForEncodings = 0;
			knownRegions = (
				en,
				Base,
			);
			mainGroup = B580C4BB1AE889A4006C31BC;
			productRefGroup = B580C4C51AE889A4006C31BC /* Products */;
			projectDirPath = "";
			projectRoot = "";
			targets = (
				B580C4C31AE889A4006C31BC /* Try_HitAnimal */,
				B580C4EB1AE889A4006C31BC /* Try_HitAnimalTests */,
			);
		};
/* End PBXProject section */

/* Begin PBXResourcesBuildPhase section */
		B580C4C21AE889A4006C31BC /* Resources */ = {
			isa = PBXResourcesBuildPhase;
			buildActionMask = 2147483647;
			files = (
				B580C4D41AE889A4006C31BC /* InfoPlist.strings in Resources */,
				B580C4E71AE889A4006C31BC /* Images.xcassets in Resources */,
				B580C4E51AE889A4006C31BC /* Spaceship.png in Resources */,
				B580C4DD1AE889A4006C31BC /* Main.storyboard in Resources */,
			);
			runOnlyForDeploymentPostprocessing = 0;
		};
		B580C4EA1AE889A4006C31BC /* Resources */ = {
			isa = PBXResourcesBuildPhase;
			buildActionMask = 2147483647;
			files = (
				B580C4F81AE889A4006C31BC /* InfoPlist.strings in Resources */,
			);
			runOnlyForDeploymentPostprocessing = 0;
		};
/* End PBXResourcesBuildPhase section */

/* Begin PBXSourcesBuildPhase section */
		B580C4C01AE889A4006C31BC /* Sources */ = {
			isa = PBXSourcesBuildPhase;
			buildActionMask = 2147483647;
			files = (
				B580C4E31AE889A4006C31BC /* MyScene.m in Sources */,
				B580C4E01AE889A4006C31BC /* ViewController.m in Sources */,
				B580C4DA1AE889A4006C31BC /* AppDelegate.m in Sources */,
				B580C4D61AE889A4006C31BC /* main.m in Sources */,
			);
			runOnlyForDeploymentPostprocessing = 0;
		};
		B580C4E81AE889A4006C31BC /* Sources */ = {
			isa = PBXSourcesBuildPhase;
			buildActionMask = 2147483647;
			files = (
				B580C4FA1AE889A4006C31BC /* Try_HitAnimalTests.m in Sources */,
			);
			runOnlyForDeploymentPostprocessing = 0;
		};
/* End PBXSourcesBuildPhase section */

/* Begin PBXTargetDependency section */
		B580C4F21AE889A4006C31BC /* PBXTargetDependency */ = {
			isa = PBXTargetDependency;
			target = B580C4C31AE889A4006C31BC /* Try_HitAnimal */;
			targetProxy = B580C4F11AE889A4006C31BC /* PBXContainerItemProxy */;
		};
/* End PBXTargetDependency section */

/* Begin PBXVariantGroup section */
		B580C4D21AE889A4006C31BC /* InfoPlist.strings */ = {
			isa = PBXVariantGroup;
			children = (
				B580C4D31AE889A4006C31BC /* en */,
			);
			name = InfoPlist.strings;
			sourceTree = "<group>";
		};
		B580C4DB1AE889A4006C31BC /* Main.storyboard */ = {
			isa = PBXVariantGroup;
			children = (
				B580C4DC1AE889A4006C31BC /* Base */,
			);
			name = Main.storyboard;
			sourceTree = "<group>";
		};
		B580C4F61AE889A4006C31BC /* InfoPlist.strings */ = {
			isa = PBXVariantGroup;
			children = (
				B580C4F71AE889A4006C31BC /* en */,
			);
			name = InfoPlist.strings;
			sourceTree = "<group>";
		};
/* End PBXVariantGroup section */

/* Begin XCBuildConfiguration section */
		B580C4FB1AE889A4006C31BC /* Debug */ = {
			isa = XCBuildConfiguration;
			buildSettings = {
				ALWAYS_SEARCH_USER_PATHS = NO;
				CLANG_CXX_LANGUAGE_STANDARD = "gnu++0x";
				CLANG_CXX_LIBRARY = "libc++";
				CLANG_ENABLE_MODULES = YES;
				CLANG_ENABLE_OBJC_ARC = YES;
				CLANG_WARN_BOOL_CONVERSION = YES;
				CLANG_WARN_CONSTANT_CONVERSION = YES;
				CLANG_WARN_DIRECT_OBJC_ISA_USAGE = YES_ERROR;
				CLANG_WARN_EMPTY_BODY = YES;
				CLANG_WARN_ENUM_CONVERSION = YES;
				CLANG_WARN_INT_CONVERSION = YES;
				CLANG_WARN_OBJC_ROOT_CLASS = YES_ERROR;
				CLANG_WARN__DUPLICATE_METHOD_MATCH = YES;
				"CODE_SIGN_IDENTITY[sdk=iphoneos*]" = "iPhone Developer";
				COPY_PHASE_STRIP = NO;
				GCC_C_LANGUAGE_STANDARD = gnu99;
				GCC_DYNAMIC_NO_PIC = NO;
				GCC_OPTIMIZATION_LEVEL = 0;
				GCC_PREPROCESSOR_DEFINITIONS = (
					"DEBUG=1",
					"$(inherited)",
				);
				GCC_SYMBOLS_PRIVATE_EXTERN = NO;
				GCC_WARN_64_TO_32_BIT_CONVERSION = YES;
				GCC_WARN_ABOUT_RETURN_TYPE = YES_ERROR;
				GCC_WARN_UNDECLARED_SELECTOR = YES;
				GCC_WARN_UNINITIALIZED_AUTOS = YES_AGGRESSIVE;
				GCC_WARN_UNUSED_FUNCTION = YES;
				GCC_WARN_UNUSED_VARIABLE = YES;
				IPHONEOS_DEPLOYMENT_TARGET = 7.1;
				ONLY_ACTIVE_ARCH = YES;
				SDKROOT = iphoneos;
			};
			name = Debug;
		};
		B580C4FC1AE889A4006C31BC /* Release */ = {
			isa = XCBuildConfiguration;
			buildSettings = {
				ALWAYS_SEARCH_USER_PATHS = NO;
				CLANG_CXX_LANGUAGE_STANDARD = "gnu++0x";
				CLANG_CXX_LIBRARY = "libc++";
				CLANG_ENABLE_MODULES = YES;
				CLANG_ENABLE_OBJC_ARC = YES;
				CLANG_WARN_BOOL_CONVERSION = YES;
				CLANG_WARN_CONSTANT_CONVERSION = YES;
				CLANG_WARN_DIRECT_OBJC_ISA_USAGE = YES_ERROR;
				CLANG_WARN_EMPTY_BODY = YES;
				CLANG_WARN_ENUM_CONVERSION = YES;
				CLANG_WARN_INT_CONVERSION = YES;
				CLANG_WARN_OBJC_ROOT_CLASS = YES_ERROR;
				CLANG_WARN__DUPLICATE_METHOD_MATCH = YES;
				"CODE_SIGN_IDENTITY[sdk=iphoneos*]" = "iPhone Developer";
				COPY_PHASE_STRIP = YES;
				ENABLE_NS_ASSERTIONS = NO;
				GCC_C_LANGUAGE_STANDARD = gnu99;
				GCC_WARN_64_TO_32_BIT_CONVERSION = YES;
				GCC_WARN_ABOUT_RETURN_TYPE = YES_ERROR;
				GCC_WARN_UNDECLARED_SELECTOR = YES;
				GCC_WARN_UNINITIALIZED_AUTOS = YES_AGGRESSIVE;
				GCC_WARN_UNUSED_FUNCTION = YES;
				GCC_WARN_UNUSED_VARIABLE = YES;
				IPHONEOS_DEPLOYMENT_TARGET = 7.1;
				SDKROOT = iphoneos;
				VALIDATE_PRODUCT = YES;
			};
			name = Release;
		};
		B580C4FE1AE889A4006C31BC /* Debug */ = {
			isa = XCBuildConfiguration;
			buildSettings = {
				ASSETCATALOG_COMPILER_APPICON_NAME = AppIcon;
				ASSETCATALOG_COMPILER_LAUNCHIMAGE_NAME = LaunchImage;
				GCC_PRECOMPILE_PREFIX_HEADER = YES;
				GCC_PREFIX_HEADER = "Try_HitAnimal/Try_HitAnimal-Prefix.pch";
				INFOPLIST_FILE = "Try_HitAnimal/Try_HitAnimal-Info.plist";
				PRODUCT_NAME = "$(TARGET_NAME)";
				SPRITEKIT_TEXTURE_ATLAS_OUTPUT = YES;
				WRAPPER_EXTENSION = app;
			};
			name = Debug;
		};
		B580C4FF1AE889A4006C31BC /* Release */ = {
			isa = XCBuildConfiguration;
			buildSettings = {
				ASSETCATALOG_COMPILER_APPICON_NAME = AppIcon;
				ASSETCATALOG_COMPILER_LAUNCHIMAGE_NAME = LaunchImage;
				GCC_PRECOMPILE_PREFIX_HEADER = YES;
				GCC_PREFIX_HEADER = "Try_HitAnimal/Try_HitAnimal-Prefix.pch";
				INFOPLIST_FILE = "Try_HitAnimal/Try_HitAnimal-Info.plist";
				PRODUCT_NAME = "$(TARGET_NAME)";
				SPRITEKIT_TEXTURE_ATLAS_OUTPUT = YES;
				WRAPPER_EXTENSION = app;
			};
			name = Release;
		};
		B580C5011AE889A4006C31BC /* Debug */ = {
			isa = XCBuildConfiguration;
			buildSettings = {
				BUNDLE_LOADER = "$(BUILT_PRODUCTS_DIR)/Try_HitAnimal.app/Try_HitAnimal";
				FRAMEWORK_SEARCH_PATHS = (
					"$(SDKROOT)/Developer/Library/Frameworks",
					"$(inherited)",
					"$(DEVELOPER_FRAMEWORKS_DIR)",
				);
				GCC_PRECOMPILE_PREFIX_HEADER = YES;
				GCC_PREFIX_HEADER = "Try_HitAnimal/Try_HitAnimal-Prefix.pch";
				GCC_PREPROCESSOR_DEFINITIONS = (
					"DEBUG=1",
					"$(inherited)",
				);
				INFOPLIST_FILE = "Try_HitAnimalTests/Try_HitAnimalTests-Info.plist";
				PRODUCT_NAME = "$(TARGET_NAME)";
				TEST_HOST = "$(BUNDLE_LOADER)";
				WRAPPER_EXTENSION = xctest;
			};
			name = Debug;
		};
		B580C5021AE889A4006C31BC /* Release */ = {
			isa = XCBuildConfiguration;
			buildSettings = {
				BUNDLE_LOADER = "$(BUILT_PRODUCTS_DIR)/Try_HitAnimal.app/Try_HitAnimal";
				FRAMEWORK_SEARCH_PATHS = (
					"$(SDKROOT)/Developer/Library/Frameworks",
					"$(inherited)",
					"$(DEVELOPER_FRAMEWORKS_DIR)",
				);
				GCC_PRECOMPILE_PREFIX_HEADER = YES;
				GCC_PREFIX_HEADER = "Try_HitAnimal/Try_HitAnimal-Prefix.pch";
				INFOPLIST_FILE = "Try_HitAnimalTests/Try_HitAnimalTests-Info.plist";
				PRODUCT_NAME = "$(TARGET_NAME)";
				TEST_HOST = "$(BUNDLE_LOADER)";
				WRAPPER_EXTENSION = xctest;
			};
			name = Release;
		};
/* End XCBuildConfiguration section */

/* Begin XCConfigurationList section */
		B580C4BF1AE889A4006C31BC /* Build configuration list for PBXProject "Try_HitAnimal" */ = {
			isa = XCConfigurationList;
			buildConfigurations = (
				B580C4FB1AE889A4006C31BC /* Debug */,
				B580C4FC1AE889A4006C31BC /* Release */,
			);
			defaultConfigurationIsVisible = 0;
			defaultConfigurationName = Release;
		};
		B580C4FD1AE889A4006C31BC /* Build configuration list for PBXNativeTarget "Try_HitAnimal" */ = {
			isa = XCConfigurationList;
			buildConfigurations = (
				B580C4FE1AE889A4006C31BC /* Debug */,
				B580C4FF1AE889A4006C31BC /* Release */,
			);
			defaultConfigurationIsVisible = 0;
		};
		B580C5001AE889A4006C31BC /* Build configuration list for PBXNativeTarget "Try_HitAnimalTests" */ = {
			isa = XCConfigurationList;
			buildConfigurations = (
				B580C5011AE889A4006C31BC /* Debug */,
				B580C5021AE889A4006C31BC /* Release */,
			);
			defaultConfigurationIsVisible = 0;
		};
/* End XCConfigurationList section */
	};
	rootObject = B580C4BC1AE889A4006C31BC /* Project object */;
}
